
Microsoft Visual Studio Solution File, Format Version 12.00
# Visual Studio 2013
VisualStudioVersion = 12.0.31101.0
MinimumVisualStudioVersion = 10.0.40219.1
Project("{FAE04EC0-301F-11D3-BF4B-00C04F79EFBC}") = "ExceptionHandling_CS", "ExceptionHandling_CS\ExceptionHandling_CS.csproj", "{B867B5AC-3556-4AB2-B1B6-184E8996965D}"
EndProject
Global
	GlobalSection(SolutionConfigurationPlatforms) = preSolution
		Debug|Any CPU = Debug|Any CPU
		Release|Any CPU = Release|Any CPU
	EndGlobalSection
	GlobalSection(ProjectConfigurationPlatforms) = postSolution
		{B867B5AC-3556-4AB2-B1B6-184E8996965D}.Debug|Any CPU.ActiveCfg = Debug|Any CPU
		{B867B5AC-3556-4AB2-B1B6-184E8996965D}.Debug|Any CPU.Build.0 = Debug|Any CPU
		{B867B5AC-3556-4AB2-B1B6-184E8996965D}.Release|Any CPU.ActiveCfg = Release|Any CPU
		{B867B5AC-3556-4AB2-B1B6-184E8996965D}.Release|Any CPU.Build.0 = Release|Any CPU
	EndGlobalSection
	GlobalSection(SolutionProperties) = preSolution
		HideSolutionNode = FALSE
	EndGlobalSection
EndGlobal
